PODS:
  - Alamofire (5.0.0-rc.3)
  - Aspects (1.4.1)
  - AvoidCrash (2.5.2)
  - Base64 (1.1.2)
  - BAWKWebView (1.0.9)
  - boost-for-react-native (1.63.0)
  - BRPickerView (2.5.1):
    - BRPickerView/AddressPickerView (= 2.5.1)
    - BRPickerView/Base (= 2.5.1)
    - BRPickerView/DatePickerView (= 2.5.1)
    - BRPickerView/StringPickerView (= 2.5.1)
  - BRPickerView/AddressPickerView (2.5.1):
    - BRPickerView/Base
  - BRPickerView/Base (2.5.1)
  - BRPickerView/DatePickerView (2.5.1):
    - BRPickerView/Base
  - BRPickerView/StringPickerView (2.5.1):
    - BRPickerView/Base
  - BVLinearGradient (2.5.6):
    - React
  - CocoaLumberjack (3.6.0):
    - CocoaLumberjack/Core (= 3.6.0)
  - CocoaLumberjack/Core (3.6.0)
  - CodePush (6.1.0):
    - Base64 (~> 1.1)
    - JWT (~> 3.0.0-beta.7)
    - React
    - SSZipArchive (~> 2.1)
  - CryptoSwift (1.1.3)
  - DateTools (2.0.0)
  - DeviceKit (2.3.0)
  - Differentiator (4.0.1)
  - DLPickerView (1.0.1)
  - DoubleConversion (1.1.6)
  - ESTabBarController-swift (2.7)
  - FBLazyVector (0.61.5)
  - FBReactNativeSpec (0.61.5):
    - Folly (= 2018.10.22.00)
    - RCTRequired (= 0.61.5)
    - RCTTypeSafety (= 0.61.5)
    - React-Core (= 0.61.5)
    - React-jsi (= 0.61.5)
    - ReactCommon/turbomodule/core (= 0.61.5)
  - Folly (2018.10.22.00):
    - boost-for-react-native
    - DoubleConversion
    - Folly/Default (= 2018.10.22.00)
    - glog
  - Folly/Default (2018.10.22.00):
    - boost-for-react-native
    - DoubleConversion
    - glog
  - FSCalendar (2.8.0)
  - glog (0.3.5)
  - InputBarAccessoryView (4.2.2)
  - IQKeyboardManager (6.5.4)
  - IQKeyboardManagerSwift (6.3.0)
  - JCore (2.1.4)
  - JPush (3.2.2-noidfa):
    - JCore (< 3.0.0, >= 2.0.0)
  - JRSwizzle (1.0)
  - JSPatch (1.1.3):
    - JSPatch/Core (= 1.1.3)
  - JSPatch/Core (1.1.3)
  - JWT (3.0.0-beta.12):
    - Base64 (~> 1.1.2)
  - Kingfisher (5.6.0)
  - LEEAlert (1.3.3)
  - libwebp (1.1.0):
    - libwebp/demux (= 1.1.0)
    - libwebp/mux (= 1.1.0)
    - libwebp/webp (= 1.1.0)
  - libwebp/demux (1.1.0):
    - libwebp/webp
  - libwebp/mux (1.1.0):
    - libwebp/demux
  - libwebp/webp (1.1.0)
  - Masonry (1.1.0)
  - MBProgressHUD (1.1.0)
  - MessageKit (3.0.0):
    - InputBarAccessoryView (~> 4.2.2)
  - MJExtension (3.2.1)
  - MJRefresh (3.1.15.7)
  - Moya/Core (14.0.0-beta.5):
    - Alamofire (= 5.0.0-rc.3)
  - Moya/RxSwift (14.0.0-beta.5):
    - Moya/Core
    - RxSwift (~> 5.0)
  - "NSObject+Rx (5.0.2)":
    - RxSwift (~> 5.0)
  - ObjectMapper (3.3.0)
  - pop (1.0.12)
  - RCTRequired (0.61.5)
  - RCTTypeSafety (0.61.5):
    - FBLazyVector (= 0.61.5)
    - Folly (= 2018.10.22.00)
    - RCTRequired (= 0.61.5)
    - React-Core (= 0.61.5)
  - React (0.61.5):
    - React-Core (= 0.61.5)
    - React-Core/DevSupport (= 0.61.5)
    - React-Core/RCTWebSocket (= 0.61.5)
    - React-RCTActionSheet (= 0.61.5)
    - React-RCTAnimation (= 0.61.5)
    - React-RCTBlob (= 0.61.5)
    - React-RCTImage (= 0.61.5)
    - React-RCTLinking (= 0.61.5)
    - React-RCTNetwork (= 0.61.5)
    - React-RCTSettings (= 0.61.5)
    - React-RCTText (= 0.61.5)
    - React-RCTVibration (= 0.61.5)
  - React-Core (0.61.5):
    - Folly (= 2018.10.22.00)
    - glog
    - React-Core/Default (= 0.61.5)
    - React-cxxreact (= 0.61.5)
    - React-jsi (= 0.61.5)
    - React-jsiexecutor (= 0.61.5)
    - Yoga
  - React-Core/CoreModulesHeaders (0.61.5):
    - Folly (= 2018.10.22.00)
    - glog
    - React-Core/Default
    - React-cxxreact (= 0.61.5)
    - React-jsi (= 0.61.5)
    - React-jsiexecutor (= 0.61.5)
    - Yoga
  - React-Core/Default (0.61.5):
    - Folly (= 2018.10.22.00)
    - glog
    - React-cxxreact (= 0.61.5)
    - React-jsi (= 0.61.5)
    - React-jsiexecutor (= 0.61.5)
    - Yoga
  - React-Core/DevSupport (0.61.5):
    - Folly (= 2018.10.22.00)
    - glog
    - React-Core/Default (= 0.61.5)
    - React-Core/RCTWebSocket (= 0.61.5)
    - React-cxxreact (= 0.61.5)
    - React-jsi (= 0.61.5)
    - React-jsiexecutor (= 0.61.5)
    - React-jsinspector (= 0.61.5)
    - Yoga
  - React-Core/RCTActionSheetHeaders (0.61.5):
    - Folly (= 2018.10.22.00)
    - glog
    - React-Core/Default
    - React-cxxreact (= 0.61.5)
    - React-jsi (= 0.61.5)
    - React-jsiexecutor (= 0.61.5)
    - Yoga
  - React-Core/RCTAnimationHeaders (0.61.5):
    - Folly (= 2018.10.22.00)
    - glog
    - React-Core/Default
    - React-cxxreact (= 0.61.5)
    - React-jsi (= 0.61.5)
    - React-jsiexecutor (= 0.61.5)
    - Yoga
  - React-Core/RCTBlobHeaders (0.61.5):
    - Folly (= 2018.10.22.00)
    - glog
    - React-Core/Default
    - React-cxxreact (= 0.61.5)
    - React-jsi (= 0.61.5)
    - React-jsiexecutor (= 0.61.5)
    - Yoga
  - React-Core/RCTImageHeaders (0.61.5):
    - Folly (= 2018.10.22.00)
    - glog
    - React-Core/Default
    - React-cxxreact (= 0.61.5)
    - React-jsi (= 0.61.5)
    - React-jsiexecutor (= 0.61.5)
    - Yoga
  - React-Core/RCTLinkingHeaders (0.61.5):
    - Folly (= 2018.10.22.00)
    - glog
    - React-Core/Default
    - React-cxxreact (= 0.61.5)
    - React-jsi (= 0.61.5)
    - React-jsiexecutor (= 0.61.5)
    - Yoga
  - React-Core/RCTNetworkHeaders (0.61.5):
    - Folly (= 2018.10.22.00)
    - glog
    - React-Core/Default
    - React-cxxreact (= 0.61.5)
    - React-jsi (= 0.61.5)
    - React-jsiexecutor (= 0.61.5)
    - Yoga
  - React-Core/RCTSettingsHeaders (0.61.5):
    - Folly (= 2018.10.22.00)
    - glog
    - React-Core/Default
    - React-cxxreact (= 0.61.5)
    - React-jsi (= 0.61.5)
    - React-jsiexecutor (= 0.61.5)
    - Yoga
  - React-Core/RCTTextHeaders (0.61.5):
    - Folly (= 2018.10.22.00)
    - glog
    - React-Core/Default
    - React-cxxreact (= 0.61.5)
    - React-jsi (= 0.61.5)
    - React-jsiexecutor (= 0.61.5)
    - Yoga
  - React-Core/RCTVibrationHeaders (0.61.5):
    - Folly (= 2018.10.22.00)
    - glog
    - React-Core/Default
    - React-cxxreact (= 0.61.5)
    - React-jsi (= 0.61.5)
    - React-jsiexecutor (= 0.61.5)
    - Yoga
  - React-Core/RCTWebSocket (0.61.5):
    - Folly (= 2018.10.22.00)
    - glog
    - React-Core/Default (= 0.61.5)
    - React-cxxreact (= 0.61.5)
    - React-jsi (= 0.61.5)
    - React-jsiexecutor (= 0.61.5)
    - Yoga
  - React-CoreModules (0.61.5):
    - FBReactNativeSpec (= 0.61.5)
    - Folly (= 2018.10.22.00)
    - RCTTypeSafety (= 0.61.5)
    - React-Core/CoreModulesHeaders (= 0.61.5)
    - React-RCTImage (= 0.61.5)
    - ReactCommon/turbomodule/core (= 0.61.5)
  - React-cxxreact (0.61.5):
    - boost-for-react-native (= 1.63.0)
    - DoubleConversion
    - Folly (= 2018.10.22.00)
    - glog
    - React-jsinspector (= 0.61.5)
  - React-jsi (0.61.5):
    - boost-for-react-native (= 1.63.0)
    - DoubleConversion
    - Folly (= 2018.10.22.00)
    - glog
    - React-jsi/Default (= 0.61.5)
  - React-jsi/Default (0.61.5):
    - boost-for-react-native (= 1.63.0)
    - DoubleConversion
    - Folly (= 2018.10.22.00)
    - glog
  - React-jsiexecutor (0.61.5):
    - DoubleConversion
    - Folly (= 2018.10.22.00)
    - glog
    - React-cxxreact (= 0.61.5)
    - React-jsi (= 0.61.5)
  - React-jsinspector (0.61.5)
  - react-native-safe-area-context (0.7.3):
    - React
  - react-native-viewpager (3.3.0):
    - React
  - react-native-webview (9.4.0):
    - React
  - React-RCTActionSheet (0.61.5):
    - React-Core/RCTActionSheetHeaders (= 0.61.5)
  - React-RCTAnimation (0.61.5):
    - React-Core/RCTAnimationHeaders (= 0.61.5)
  - React-RCTBlob (0.61.5):
    - React-Core/RCTBlobHeaders (= 0.61.5)
    - React-Core/RCTWebSocket (= 0.61.5)
    - React-jsi (= 0.61.5)
    - React-RCTNetwork (= 0.61.5)
  - React-RCTImage (0.61.5):
    - React-Core/RCTImageHeaders (= 0.61.5)
    - React-RCTNetwork (= 0.61.5)
  - React-RCTLinking (0.61.5):
    - React-Core/RCTLinkingHeaders (= 0.61.5)
  - React-RCTNetwork (0.61.5):
    - React-Core/RCTNetworkHeaders (= 0.61.5)
  - React-RCTSettings (0.61.5):
    - React-Core/RCTSettingsHeaders (= 0.61.5)
  - React-RCTText (0.61.5):
    - React-Core/RCTTextHeaders (= 0.61.5)
  - React-RCTVibration (0.61.5):
    - React-Core/RCTVibrationHeaders (= 0.61.5)
  - ReactCommon/jscallinvoker (0.61.5):
    - DoubleConversion
    - Folly (= 2018.10.22.00)
    - glog
    - React-cxxreact (= 0.61.5)
  - ReactCommon/turbomodule/core (0.61.5):
    - DoubleConversion
    - Folly (= 2018.10.22.00)
    - glog
    - React-Core (= 0.61.5)
    - React-cxxreact (= 0.61.5)
    - React-jsi (= 0.61.5)
    - ReactCommon/jscallinvoker (= 0.61.5)
  - ReactNativeART (1.1.2):
    - React
  - RegExCategories (1.0)
  - RNCMaskedView (0.1.6):
    - React
  - RNFastImage (7.0.2):
    - React
    - SDWebImage (~> 5.0)
    - SDWebImageWebPCoder (~> 0.2.3)
  - RNGestureHandler (1.6.0):
    - React
  - RNReanimated (1.7.0):
    - React
  - RNScreens (2.2.0):
    - React
  - RNVectorIcons (6.6.0):
    - React
  - RxAlertController (5.0.0):
    - RxSwift (~> 5.0)
  - RxCocoa (5.0.1):
    - RxRelay (~> 5)
    - RxSwift (~> 5)
  - RxDataSources (4.0.1):
    - Differentiator (~> 4.0)
    - RxCocoa (~> 5.0)
    - RxSwift (~> 5.0)
  - RxOptional (4.1.0):
    - RxCocoa (~> 5)
    - RxSwift (~> 5)
  - RxRelay (5.0.1):
    - RxSwift (~> 5)
  - RxSwift (5.0.1)
  - SDWebImage (5.5.2):
    - SDWebImage/Core (= 5.5.2)
  - SDWebImage/Core (5.5.2)
  - SDWebImageWebPCoder (0.2.5):
    - libwebp (~> 1.0)
    - SDWebImage/Core (~> 5.0)
  - SGBrowserView (1.0.0)
  - SGQRCode (3.0.1)
  - SKPhotoBrowser (6.1.0)
  - SnapKit (4.0.1)
  - SSZipArchive (2.2.2)
  - Starscream (3.1.1)
  - STPickerView (2.4)
  - SVGKit (3.0.0-beta3):
    - CocoaLumberjack (~> 3.0)
  - SwiftGifOrigin (1.7.0)
  - SwiftyJSON (5.0.0)
  - Toast (4.0.0)
  - TZImagePickerController (3.2.8)
  - XYYSegmentControl (1.4.0)
  - Yoga (1.14.0)
  - YYCache (1.0.4)
  - YYCategories (1.0.4):
    - YYCategories/no-arc (= 1.0.4)
  - YYCategories/no-arc (1.0.4)
  - YYImage (1.0.4):
    - YYImage/Core (= 1.0.4)
  - YYImage/Core (1.0.4)
  - YYText (1.0.7)
  - YYWebImage (1.0.5):
    - YYCache
    - YYImage

DEPENDENCIES:
  - Aspects
  - AvoidCrash
  - BAWKWebView
  - BRPickerView
  - BVLinearGradient (from `../node_modules/react-native-linear-gradient`)
  - CodePush (from `../node_modules/react-native-code-push`)
  - CryptoSwift (~> 1.1.3)
  - DateTools
  - DeviceKit (~> 2.3.0)
  - DLPickerView
  - DoubleConversion (from `../node_modules/react-native/third-party-podspecs/DoubleConversion.podspec`)
  - ESTabBarController-swift (~> 2.7)
  - FBLazyVector (from `../node_modules/react-native/Libraries/FBLazyVector`)
  - FBReactNativeSpec (from `../node_modules/react-native/Libraries/FBReactNativeSpec`)
  - Folly (from `../node_modules/react-native/third-party-podspecs/Folly.podspec`)
  - FSCalendar
  - glog (from `../node_modules/react-native/third-party-podspecs/glog.podspec`)
  - IQKeyboardManager
  - IQKeyboardManagerSwift (~> 6.3.0)
  - JPush (= 3.2.2-noidfa)
  - JRSwizzle
  - JSPatch (from `JSPatch/JSPatch.podspec`)
  - Kingfisher (~> 5.6.0)
  - LEEAlert
  - Masonry
  - MBProgressHUD (~> 1.1.0)
  - MessageKit (~> 3.0.0)
  - MJExtension
  - MJRefresh (~> 3.1.15.7)
  - Moya/RxSwift (~> 14.0.0-alpha.1)
  - "NSObject+Rx (~> 5.0.0)"
  - ObjectMapper (~> 3.3.0)
  - pop (~> 1.0.12)
  - RCTRequired (from `../node_modules/react-native/Libraries/RCTRequired`)
  - RCTTypeSafety (from `../node_modules/react-native/Libraries/TypeSafety`)
  - React (from `../node_modules/react-native/`)
  - React-Core (from `../node_modules/react-native/`)
  - React-Core/DevSupport (from `../node_modules/react-native/`)
  - React-Core/RCTWebSocket (from `../node_modules/react-native/`)
  - React-CoreModules (from `../node_modules/react-native/React/CoreModules`)
  - React-cxxreact (from `../node_modules/react-native/ReactCommon/cxxreact`)
  - React-jsi (from `../node_modules/react-native/ReactCommon/jsi`)
  - React-jsiexecutor (from `../node_modules/react-native/ReactCommon/jsiexecutor`)
  - React-jsinspector (from `../node_modules/react-native/ReactCommon/jsinspector`)
  - react-native-safe-area-context (from `../node_modules/react-native-safe-area-context`)
  - "react-native-viewpager (from `../node_modules/@react-native-community/viewpager`)"
  - react-native-webview (from `../node_modules/react-native-webview`)
  - React-RCTActionSheet (from `../node_modules/react-native/Libraries/ActionSheetIOS`)
  - React-RCTAnimation (from `../node_modules/react-native/Libraries/NativeAnimation`)
  - React-RCTBlob (from `../node_modules/react-native/Libraries/Blob`)
  - React-RCTImage (from `../node_modules/react-native/Libraries/Image`)
  - React-RCTLinking (from `../node_modules/react-native/Libraries/LinkingIOS`)
  - React-RCTNetwork (from `../node_modules/react-native/Libraries/Network`)
  - React-RCTSettings (from `../node_modules/react-native/Libraries/Settings`)
  - React-RCTText (from `../node_modules/react-native/Libraries/Text`)
  - React-RCTVibration (from `../node_modules/react-native/Libraries/Vibration`)
  - ReactCommon/jscallinvoker (from `../node_modules/react-native/ReactCommon`)
  - ReactCommon/turbomodule/core (from `../node_modules/react-native/ReactCommon`)
  - "ReactNativeART (from `../node_modules/@react-native-community/art`)"
  - RegExCategories
  - "RNCMaskedView (from `../node_modules/@react-native-community/masked-view`)"
  - RNFastImage (from `../node_modules/react-native-fast-image`)
  - RNGestureHandler (from `../node_modules/react-native-gesture-handler`)
  - RNReanimated (from `../node_modules/react-native-reanimated`)
  - RNScreens (from `../node_modules/react-native-screens`)
  - RNVectorIcons (from `../node_modules/react-native-vector-icons`)
  - RxAlertController (~> 5.0.0)
  - RxCocoa (~> 5.0.0)
  - RxDataSources (~> 4.0.1)
  - RxOptional (~> 4.1.0)
  - RxRelay (~> 5.0.0)
  - RxSwift (~> 5.0.0)
  - SGBrowserView
  - SGQRCode (~> 3.0.1)
  - SKPhotoBrowser (~> 6.1.0)
  - SnapKit (~> 4.0.1)
  - SSZipArchive
  - Starscream (~> 3.1.1)
  - STPickerView (= 2.4)
  - SVGKit (~> 3.0.0-beta3)
  - SwiftGifOrigin (~> 1.7.0)
  - SwiftyJSON (~> 5.0.0)
  - Toast (~> 4.0.0)
  - TZImagePickerController (~> 3.2.8)
  - XYYSegmentControl (~> 1.4.0)
  - Yoga (from `../node_modules/react-native/ReactCommon/yoga`)
  - YYCategories
  - YYText (~> 1.0.7)
  - YYWebImage

SPEC REPOS:
  trunk:
    - Alamofire
    - Aspects
    - AvoidCrash
    - Base64
    - BAWKWebView
    - boost-for-react-native
    - BRPickerView
    - CocoaLumberjack
    - CryptoSwift
    - DateTools
    - DeviceKit
    - Differentiator
    - DLPickerView
    - ESTabBarController-swift
    - FSCalendar
    - InputBarAccessoryView
    - IQKeyboardManager
    - IQKeyboardManagerSwift
    - JCore
    - JPush
    - JRSwizzle
    - JWT
    - Kingfisher
    - LEEAlert
    - libwebp
    - Masonry
    - MBProgressHUD
    - MessageKit
    - MJExtension
    - MJRefresh
    - Moya
    - "NSObject+Rx"
    - ObjectMapper
    - pop
    - RegExCategories
    - RxAlertController
    - RxCocoa
    - RxDataSources
    - RxOptional
    - RxRelay
    - RxSwift
    - SDWebImage
    - SDWebImageWebPCoder
    - SGBrowserView
    - SGQRCode
    - SKPhotoBrowser
    - SnapKit
    - SSZipArchive
    - Starscream
    - STPickerView
    - SVGKit
    - SwiftGifOrigin
    - SwiftyJSON
    - Toast
    - TZImagePickerController
    - XYYSegmentControl
    - YYCache
    - YYCategories
    - YYImage
    - YYText
    - YYWebImage

EXTERNAL SOURCES:
  BVLinearGradient:
    :path: "../node_modules/react-native-linear-gradient"
  CodePush:
    :path: "../node_modules/react-native-code-push"
  DoubleConversion:
    :podspec: "../node_modules/react-native/third-party-podspecs/DoubleConversion.podspec"
  FBLazyVector:
    :path: "../node_modules/react-native/Libraries/FBLazyVector"
  FBReactNativeSpec:
    :path: "../node_modules/react-native/Libraries/FBReactNativeSpec"
  Folly:
    :podspec: "../node_modules/react-native/third-party-podspecs/Folly.podspec"
  glog:
    :podspec: "../node_modules/react-native/third-party-podspecs/glog.podspec"
  JSPatch:
    :path: JSPatch/JSPatch.podspec
  RCTRequired:
    :path: "../node_modules/react-native/Libraries/RCTRequired"
  RCTTypeSafety:
    :path: "../node_modules/react-native/Libraries/TypeSafety"
  React:
    :path: "../node_modules/react-native/"
  React-Core:
    :path: "../node_modules/react-native/"
  React-CoreModules:
    :path: "../node_modules/react-native/React/CoreModules"
  React-cxxreact:
    :path: "../node_modules/react-native/ReactCommon/cxxreact"
  React-jsi:
    :path: "../node_modules/react-native/ReactCommon/jsi"
  React-jsiexecutor:
    :path: "../node_modules/react-native/ReactCommon/jsiexecutor"
  React-jsinspector:
    :path: "../node_modules/react-native/ReactCommon/jsinspector"
  react-native-safe-area-context:
    :path: "../node_modules/react-native-safe-area-context"
  react-native-viewpager:
    :path: "../node_modules/@react-native-community/viewpager"
  react-native-webview:
    :path: "../node_modules/react-native-webview"
  React-RCTActionSheet:
    :path: "../node_modules/react-native/Libraries/ActionSheetIOS"
  React-RCTAnimation:
    :path: "../node_modules/react-native/Libraries/NativeAnimation"
  React-RCTBlob:
    :path: "../node_modules/react-native/Libraries/Blob"
  React-RCTImage:
    :path: "../node_modules/react-native/Libraries/Image"
  React-RCTLinking:
    :path: "../node_modules/react-native/Libraries/LinkingIOS"
  React-RCTNetwork:
    :path: "../node_modules/react-native/Libraries/Network"
  React-RCTSettings:
    :path: "../node_modules/react-native/Libraries/Settings"
  React-RCTText:
    :path: "../node_modules/react-native/Libraries/Text"
  React-RCTVibration:
    :path: "../node_modules/react-native/Libraries/Vibration"
  ReactCommon:
    :path: "../node_modules/react-native/ReactCommon"
  ReactNativeART:
    :path: "../node_modules/@react-native-community/art"
  RNCMaskedView:
    :path: "../node_modules/@react-native-community/masked-view"
  RNFastImage:
    :path: "../node_modules/react-native-fast-image"
  RNGestureHandler:
    :path: "../node_modules/react-native-gesture-handler"
  RNReanimated:
    :path: "../node_modules/react-native-reanimated"
  RNScreens:
    :path: "../node_modules/react-native-screens"
  RNVectorIcons:
    :path: "../node_modules/react-native-vector-icons"
  Yoga:
    :path: "../node_modules/react-native/ReactCommon/yoga"

SPEC CHECKSUMS:
  Alamofire: ca8c0de6906873be89d6deec5c8de279e00bf872
  Aspects: 7595ba96a6727a58ebcbfc954497fc5d2fdde546
  AvoidCrash: 28c6916fe19bd2b84126b8dec7cbe61c9a12741d
  Base64: cecfb41a004124895a7bcee567a89bae5a89d49b
  BAWKWebView: a45b5c77424a015c91c6684f03392d981932f909
  boost-for-react-native: 39c7adb57c4e60d6c5479dd8623128eb5b3f0f2c
  BRPickerView: c51b8d27cd053baf282e75a19d7dfcefbbaf42c2
  BVLinearGradient: e3aad03778a456d77928f594a649e96995f1c872
  CocoaLumberjack: 78b0c238666f4f58db069738ec176f4519557516
  CodePush: 559674670649e390ba1df2d71ad7652e03d679e8
  CryptoSwift: 6b6e488df0598b3e9fa49254ed1a65e8c1b1e10b
  DateTools: 933ac9c490f21f92127cf690ccd8c397e0126caf
  DeviceKit: da103891aa928d89f64ea8dd8aca738c5f3d8ac0
  Differentiator: 886080237d9f87f322641dedbc5be257061b0602
  DLPickerView: 993a7ace0bfecf6c47c83108291b687bc4f7a4df
  DoubleConversion: 5805e889d232975c086db112ece9ed034df7a0b2
  ESTabBarController-swift: 4fb52ad03d94d0717ef97bc9eb09a5abfdded0a2
  FBLazyVector: aaeaf388755e4f29cd74acbc9e3b8da6d807c37f
  FBReactNativeSpec: 118d0d177724c2d67f08a59136eb29ef5943ec75
  Folly: 30e7936e1c45c08d884aa59369ed951a8e68cf51
  FSCalendar: 3a5ed3636e2ba1b83ebebfcf0c2603105a6f5efe
  glog: 1f3da668190260b06b429bb211bfbee5cd790c28
  InputBarAccessoryView: 2b937602598e2fab3149f37f51dd7ad795653812
  IQKeyboardManager: 72b359cd7e777e3a984cedbe05f8da45320cbb63
  IQKeyboardManagerSwift: a8228c257614af98743b4cd8584637025f36358f
  JCore: d345c049141877eb61c33011455fdb5fcab1673f
  JPush: d7e9b68edde1e4061e8a61605049b1673cd89df2
  JRSwizzle: dd5ead5d913a0f29e7f558200165849f006bb1e3
  JSPatch: a48f9378dc8419c6adb3f58f456e20b18dee7ec7
  JWT: 9b5c05abbcc1a0e69c3c91e1655b3387fc7e581d
  Kingfisher: 1a50df6880a60bae26f3e21a0df3d17b892f5e0b
  LEEAlert: fa1547e66bc393a1bd79695f112146c9c3f7f1c5
  libwebp: 946cb3063cea9236285f7e9a8505d806d30e07f3
  Masonry: 678fab65091a9290e40e2832a55e7ab731aad201
  MBProgressHUD: e7baa36a220447d8aeb12769bf0585582f3866d9
  MessageKit: e892a9ca49ebe6d82684d3a93ad84021fa23e2c6
  MJExtension: 635f2c663dcb1bf76fa4b715b2570a5710aec545
  MJRefresh: 697f8ec75ebdbe9207767bb682cf0f51b0d8a41f
  Moya: 2c16c3fe92eda302070213452281b59198f946d8
  "NSObject+Rx": 2eb2cf51fd1c554118449a7fbc36e4cd620b9e94
  ObjectMapper: b612bf8c8e99c4dc0bb6013a51f7c27966ed5da9
  pop: d582054913807fd11fd50bfe6a539d91c7e1a55a
  RCTRequired: b153add4da6e7dbc44aebf93f3cf4fcae392ddf1
  RCTTypeSafety: 9aa1b91d7f9310fc6eadc3cf95126ffe818af320
  React: b6a59ef847b2b40bb6e0180a97d0ca716969ac78
  React-Core: 688b451f7d616cc1134ac95295b593d1b5158a04
  React-CoreModules: d04f8494c1a328b69ec11db9d1137d667f916dcb
  React-cxxreact: d0f7bcafa196ae410e5300736b424455e7fb7ba7
  React-jsi: cb2cd74d7ccf4cffb071a46833613edc79cdf8f7
  React-jsiexecutor: d5525f9ed5f782fdbacb64b9b01a43a9323d2386
  React-jsinspector: fa0ecc501688c3c4c34f28834a76302233e29dc0
  react-native-safe-area-context: 8260e5157617df4b72865f44006797f895b2ada7
  react-native-viewpager: 118e65d8c65c56fe48d12a35cdcf1fe7e027a366
  react-native-webview: 0e2881d2e3e72ad52a82445c1a116c43205fd471
  React-RCTActionSheet: 600b4d10e3aea0913b5a92256d2719c0cdd26d76
  React-RCTAnimation: 791a87558389c80908ed06cc5dfc5e7920dfa360
  React-RCTBlob: d89293cc0236d9cb0933d85e430b0bbe81ad1d72
  React-RCTImage: 6b8e8df449eb7c814c99a92d6b52de6fe39dea4e
  React-RCTLinking: 121bb231c7503cf9094f4d8461b96a130fabf4a5
  React-RCTNetwork: fb353640aafcee84ca8b78957297bd395f065c9a
  React-RCTSettings: 8db258ea2a5efee381fcf7a6d5044e2f8b68b640
  React-RCTText: 9ccc88273e9a3aacff5094d2175a605efa854dbe
  React-RCTVibration: a49a1f42bf8f5acf1c3e297097517c6b3af377ad
  ReactCommon: 198c7c8d3591f975e5431bec1b0b3b581aa1c5dd
  ReactNativeART: c496c53089b3149663215d74d6f1adb3a62e07eb
  RegExCategories: e68befacacd5bda853c88f70ec745cb2d0cfb89c
  RNCMaskedView: e5b99bc191945f157adeede68da9d424462de177
  RNFastImage: 9b0c22643872bb7494c8d87bbbb66cc4c0d9e7a2
  RNGestureHandler: dde546180bf24af0b5f737c8ad04b6f3fa51609a
  RNReanimated: 031fe8d9ea93c2bd689a40f05320ef9d96f74d7f
  RNScreens: 812b79d384e2bea7eebc4ec981469160d4948fd5
  RNVectorIcons: 0bb4def82230be1333ddaeee9fcba45f0b288ed4
  RxAlertController: ef75925a2a002f0f1fd03378ddeceaa9c1c5558f
  RxCocoa: e741b9749968e8a143e2b787f1dfbff2b63d0a5c
  RxDataSources: efee07fa4de48477eca0a4611e6d11e2da9c1114
  RxOptional: b1fcd60856807a564c0215c2184b8d33e7826dc2
  RxRelay: 89d54507f4fd4d969e6ec1d4bd7f3673640b4640
  RxSwift: e2dc62b366a3adf6a0be44ba9f405efd4c94e0c4
  SDWebImage: 4d5c027c935438f341ed33dbac53ff9f479922ca
  SDWebImageWebPCoder: 947093edd1349d820c40afbd9f42acb6cdecd987
  SGBrowserView: d18d7386048a12bb11608d86f3682a5b08757fe6
  SGQRCode: bf02d60e18d6660a9d75ff1c8b9b467f064f054e
  SKPhotoBrowser: 343de95d89dc7913763c5dda243cc6e606e4a168
  SnapKit: 0de968a9fec17499afa29683b05d0c775b6d1c29
  SSZipArchive: fa16b8cc4cdeceb698e5e5d9f67e9558532fbf23
  Starscream: 4bb2f9942274833f7b4d296a55504dcfc7edb7b0
  STPickerView: d0e234f230f45bd720a6739d0ae9fbddf038958b
  SVGKit: 35ddd1bb2f711bcb25227be8b356facccbffc32d
  SwiftGifOrigin: fbd6cf37afcfcf97a5c3db996ddc0492e5c5c145
  SwiftyJSON: 36413e04c44ee145039d332b4f4e2d3e8d6c4db7
  Toast: 91b396c56ee72a5790816f40d3a94dd357abc196
  TZImagePickerController: 4b0a5d3abe6351b6c9ec52c7be0fa9a5bbca23f6
  XYYSegmentControl: 3c985dd1d41d9b53eb6665e92e505ea841d3990c
  Yoga: f2a7cd4280bfe2cca5a7aed98ba0eb3d1310f18b
  YYCache: 8105b6638f5e849296c71f331ff83891a4942952
  YYCategories: 6bcd4314c6661a561410dce4a793379ebd306abd
  YYImage: 1e1b62a9997399593e4b9c4ecfbbabbf1d3f3b54
  YYText: 5c461d709e24d55a182d1441c41dc639a18a4849
  YYWebImage: 5f7f36aee2ae293f016d418c7d6ba05c4863e928

PODFILE CHECKSUM: ebd6ce346406a6f071251049e9906352b35f9441

COCOAPODS: 1.8.4
