// !$*UTF8*$!
{
	archiveVersion = 1;
	classes = {
	};
	objectVersion = 50;
	objects = {

/* Begin PBXBuildFile section */
		CF2F687C238D4B090030E26D /* ShellHelper.m in Sources */ = {isa = PBXBuildFile; fileRef = CF2F687B238D4B080030E26D /* ShellHelper.m */; };
		CF73AE56238C5C6A007EF904 /* main.m in Sources */ = {isa = PBXBuildFile; fileRef = CF73AE55238C5C6A007EF904 /* main.m */; };
		CF73AE64238C5CDC007EF904 /* SiteModel.m in Sources */ = {isa = PBXBuildFile; fileRef = CF73AE62238C5CDC007EF904 /* SiteModel.m */; };
		CFD7A780238D816C00D833EB /* AFURLResponseSerialization.m in Sources */ = {isa = PBXBuildFile; fileRef = CFD7A777238D816C00D833EB /* AFURLResponseSerialization.m */; };
		CFD7A781238D816C00D833EB /* AFHTTPSessionManager.m in Sources */ = {isa = PBXBuildFile; fileRef = CFD7A778238D816C00D833EB /* AFHTTPSessionManager.m */; };
		CFD7A782238D816C00D833EB /* AFURLSessionManager.m in Sources */ = {isa = PBXBuildFile; fileRef = CFD7A77A238D816C00D833EB /* AFURLSessionManager.m */; };
		CFD7A783238D816C00D833EB /* AFURLRequestSerialization.m in Sources */ = {isa = PBXBuildFile; fileRef = CFD7A77B238D816C00D833EB /* AFURLRequestSerialization.m */; };
		CFD7A784238D816C00D833EB /* AFNetworkReachabilityManager.m in Sources */ = {isa = PBXBuildFile; fileRef = CFD7A77D238D816C00D833EB /* AFNetworkReachabilityManager.m */; };
		CFD7A785238D816C00D833EB /* AFSecurityPolicy.m in Sources */ = {isa = PBXBuildFile; fileRef = CFD7A77E238D816C00D833EB /* AFSecurityPolicy.m */; };
/* End PBXBuildFile section */

/* Begin PBXCopyFilesBuildPhase section */
		CF73AE50238C5C6A007EF904 /* CopyFiles */ = {
			isa = PBXCopyFilesBuildPhase;
			buildActionMask = 2147483647;
			dstPath = /usr/share/man/man1/;
			dstSubfolderSpec = 0;
			files = (
			);
			runOnlyForDeploymentPostprocessing = 1;
		};
/* End PBXCopyFilesBuildPhase section */

/* Begin PBXFileReference section */
		CF2F687A238D4B080030E26D /* ShellHelper.h */ = {isa = PBXFileReference; lastKnownFileType = sourcecode.c.h; path = ShellHelper.h; sourceTree = "<group>"; };
		CF2F687B238D4B080030E26D /* ShellHelper.m */ = {isa = PBXFileReference; lastKnownFileType = sourcecode.c.objc; path = ShellHelper.m; sourceTree = "<group>"; };
		CF2F6885238D4EAF0030E26D /* 3packing.sh */ = {isa = PBXFileReference; fileEncoding = 4; lastKnownFileType = text.script.sh; path = 3packing.sh; sourceTree = "<group>"; };
		CF2F6886238D4EAF0030E26D /* 1pull.sh */ = {isa = PBXFileReference; fileEncoding = 4; lastKnownFileType = text.script.sh; path = 1pull.sh; sourceTree = "<group>"; };
		CF2F6887238D4EAF0030E26D /* 2setup.sh */ = {isa = PBXFileReference; fileEncoding = 4; lastKnownFileType = text.script.sh; path = 2setup.sh; sourceTree = "<group>"; };
		CF73AE52238C5C6A007EF904 /* AutoPacking */ = {isa = PBXFileReference; explicitFileType = "compiled.mach-o.executable"; includeInIndex = 0; path = AutoPacking; sourceTree = BUILT_PRODUCTS_DIR; };
		CF73AE55238C5C6A007EF904 /* main.m */ = {isa = PBXFileReference; lastKnownFileType = sourcecode.c.objc; path = main.m; sourceTree = "<group>"; };
		CF73AE62238C5CDC007EF904 /* SiteModel.m */ = {isa = PBXFileReference; fileEncoding = 4; lastKnownFileType = sourcecode.c.objc; path = SiteModel.m; sourceTree = "<group>"; };
		CF73AE63238C5CDC007EF904 /* SiteModel.h */ = {isa = PBXFileReference; fileEncoding = 4; lastKnownFileType = sourcecode.c.h; path = SiteModel.h; sourceTree = "<group>"; };
		CF73AE67238C5D7E007EF904 /* 打包文件 */ = {isa = PBXFileReference; fileEncoding = 4; lastKnownFileType = text; path = "打包文件"; sourceTree = SOURCE_ROOT; };
		CFD7A760238D7FB900D833EB /* CFNetwork.framework */ = {isa = PBXFileReference; lastKnownFileType = wrapper.framework; name = CFNetwork.framework; path = System/Library/Frameworks/CFNetwork.framework; sourceTree = SDKROOT; };
		CFD7A762238D7FFD00D833EB /* libsystem_networkextension.tbd */ = {isa = PBXFileReference; lastKnownFileType = "sourcecode.text-based-dylib-definition"; name = libsystem_networkextension.tbd; path = usr/lib/system/libsystem_networkextension.tbd; sourceTree = SDKROOT; };
		CFD7A763238D7FFD00D833EB /* libnetwork.tbd */ = {isa = PBXFileReference; lastKnownFileType = "sourcecode.text-based-dylib-definition"; name = libnetwork.tbd; path = usr/lib/libnetwork.tbd; sourceTree = SDKROOT; };
		CFD7A764238D7FFD00D833EB /* NetworkingDriverKit.framework */ = {isa = PBXFileReference; lastKnownFileType = wrapper.framework; name = NetworkingDriverKit.framework; path = System/Library/Frameworks/NetworkingDriverKit.framework; sourceTree = SDKROOT; };
		CFD7A765238D7FFD00D833EB /* NetworkExtension.framework */ = {isa = PBXFileReference; lastKnownFileType = wrapper.framework; name = NetworkExtension.framework; path = System/Library/Frameworks/NetworkExtension.framework; sourceTree = SDKROOT; };
		CFD7A766238D7FFD00D833EB /* libnetworkextension.tbd */ = {isa = PBXFileReference; lastKnownFileType = "sourcecode.text-based-dylib-definition"; name = libnetworkextension.tbd; path = usr/lib/libnetworkextension.tbd; sourceTree = SDKROOT; };
		CFD7A767238D7FFD00D833EB /* libswiftNetwork.tbd */ = {isa = PBXFileReference; lastKnownFileType = "sourcecode.text-based-dylib-definition"; name = libswiftNetwork.tbd; path = usr/lib/swift/libswiftNetwork.tbd; sourceTree = SDKROOT; };
		CFD7A768238D7FFD00D833EB /* Network.framework */ = {isa = PBXFileReference; lastKnownFileType = wrapper.framework; name = Network.framework; path = System/Library/Frameworks/Network.framework; sourceTree = SDKROOT; };
		CFD7A769238D7FFD00D833EB /* liblog_network.tbd */ = {isa = PBXFileReference; lastKnownFileType = "sourcecode.text-based-dylib-definition"; name = liblog_network.tbd; path = usr/lib/log/liblog_network.tbd; sourceTree = SDKROOT; };
		CFD7A773238D816C00D833EB /* AFSecurityPolicy.h */ = {isa = PBXFileReference; fileEncoding = 4; lastKnownFileType = sourcecode.c.h; path = AFSecurityPolicy.h; sourceTree = "<group>"; };
		CFD7A774238D816C00D833EB /* AFNetworkReachabilityManager.h */ = {isa = PBXFileReference; fileEncoding = 4; lastKnownFileType = sourcecode.c.h; path = AFNetworkReachabilityManager.h; sourceTree = "<group>"; };
		CFD7A775238D816C00D833EB /* AFURLSessionManager.h */ = {isa = PBXFileReference; fileEncoding = 4; lastKnownFileType = sourcecode.c.h; path = AFURLSessionManager.h; sourceTree = "<group>"; };
		CFD7A776238D816C00D833EB /* AFURLRequestSerialization.h */ = {isa = PBXFileReference; fileEncoding = 4; lastKnownFileType = sourcecode.c.h; path = AFURLRequestSerialization.h; sourceTree = "<group>"; };
		CFD7A777238D816C00D833EB /* AFURLResponseSerialization.m */ = {isa = PBXFileReference; fileEncoding = 4; lastKnownFileType = sourcecode.c.objc; path = AFURLResponseSerialization.m; sourceTree = "<group>"; };
		CFD7A778238D816C00D833EB /* AFHTTPSessionManager.m */ = {isa = PBXFileReference; fileEncoding = 4; lastKnownFileType = sourcecode.c.objc; path = AFHTTPSessionManager.m; sourceTree = "<group>"; };
		CFD7A779238D816C00D833EB /* AFURLResponseSerialization.h */ = {isa = PBXFileReference; fileEncoding = 4; lastKnownFileType = sourcecode.c.h; path = AFURLResponseSerialization.h; sourceTree = "<group>"; };
		CFD7A77A238D816C00D833EB /* AFURLSessionManager.m */ = {isa = PBXFileReference; fileEncoding = 4; lastKnownFileType = sourcecode.c.objc; path = AFURLSessionManager.m; sourceTree = "<group>"; };
		CFD7A77B238D816C00D833EB /* AFURLRequestSerialization.m */ = {isa = PBXFileReference; fileEncoding = 4; lastKnownFileType = sourcecode.c.objc; path = AFURLRequestSerialization.m; sourceTree = "<group>"; };
		CFD7A77C238D816C00D833EB /* AFNetworking.h */ = {isa = PBXFileReference; fileEncoding = 4; lastKnownFileType = sourcecode.c.h; path = AFNetworking.h; sourceTree = "<group>"; };
		CFD7A77D238D816C00D833EB /* AFNetworkReachabilityManager.m */ = {isa = PBXFileReference; fileEncoding = 4; lastKnownFileType = sourcecode.c.objc; path = AFNetworkReachabilityManager.m; sourceTree = "<group>"; };
		CFD7A77E238D816C00D833EB /* AFSecurityPolicy.m */ = {isa = PBXFileReference; fileEncoding = 4; lastKnownFileType = sourcecode.c.objc; path = AFSecurityPolicy.m; sourceTree = "<group>"; };
		CFD7A77F238D816C00D833EB /* AFHTTPSessionManager.h */ = {isa = PBXFileReference; fileEncoding = 4; lastKnownFileType = sourcecode.c.h; path = AFHTTPSessionManager.h; sourceTree = "<group>"; };
/* End PBXFileReference section */

/* Begin PBXFrameworksBuildPhase section */
		CF73AE4F238C5C6A007EF904 /* Frameworks */ = {
			isa = PBXFrameworksBuildPhase;
			buildActionMask = 2147483647;
			files = (
			);
			runOnlyForDeploymentPostprocessing = 0;
		};
/* End PBXFrameworksBuildPhase section */

/* Begin PBXGroup section */
		CF2F6884238D4EAF0030E26D /* sh */ = {
			isa = PBXGroup;
			children = (
				CF2F6886238D4EAF0030E26D /* 1pull.sh */,
				CF2F6887238D4EAF0030E26D /* 2setup.sh */,
				CF2F6885238D4EAF0030E26D /* 3packing.sh */,
			);
			path = sh;
			sourceTree = SOURCE_ROOT;
		};
		CF73AE49238C5C6A007EF904 = {
			isa = PBXGroup;
			children = (
				CF73AE54238C5C6A007EF904 /* AutoPacking */,
				CF73AE53238C5C6A007EF904 /* Products */,
				CFD7A75F238D7FB900D833EB /* Frameworks */,
			);
			sourceTree = "<group>";
		};
		CF73AE53238C5C6A007EF904 /* Products */ = {
			isa = PBXGroup;
			children = (
				CF73AE52238C5C6A007EF904 /* AutoPacking */,
			);
			name = Products;
			sourceTree = "<group>";
		};
		CF73AE54238C5C6A007EF904 /* AutoPacking */ = {
			isa = PBXGroup;
			children = (
				CFD7A772238D816C00D833EB /* AFNetworking */,
				CF2F6884238D4EAF0030E26D /* sh */,
				CF73AE67238C5D7E007EF904 /* 打包文件 */,
				CF73AE63238C5CDC007EF904 /* SiteModel.h */,
				CF73AE62238C5CDC007EF904 /* SiteModel.m */,
				CF2F687A238D4B080030E26D /* ShellHelper.h */,
				CF2F687B238D4B080030E26D /* ShellHelper.m */,
				CF73AE55238C5C6A007EF904 /* main.m */,
			);
			path = AutoPacking;
			sourceTree = "<group>";
		};
		CFD7A75F238D7FB900D833EB /* Frameworks */ = {
			isa = PBXGroup;
			children = (
				CFD7A769238D7FFD00D833EB /* liblog_network.tbd */,
				CFD7A763238D7FFD00D833EB /* libnetwork.tbd */,
				CFD7A766238D7FFD00D833EB /* libnetworkextension.tbd */,
				CFD7A767238D7FFD00D833EB /* libswiftNetwork.tbd */,
				CFD7A762238D7FFD00D833EB /* libsystem_networkextension.tbd */,
				CFD7A768238D7FFD00D833EB /* Network.framework */,
				CFD7A765238D7FFD00D833EB /* NetworkExtension.framework */,
				CFD7A764238D7FFD00D833EB /* NetworkingDriverKit.framework */,
				CFD7A760238D7FB900D833EB /* CFNetwork.framework */,
			);
			name = Frameworks;
			sourceTree = "<group>";
		};
		CFD7A772238D816C00D833EB /* AFNetworking */ = {
			isa = PBXGroup;
			children = (
				CFD7A773238D816C00D833EB /* AFSecurityPolicy.h */,
				CFD7A774238D816C00D833EB /* AFNetworkReachabilityManager.h */,
				CFD7A775238D816C00D833EB /* AFURLSessionManager.h */,
				CFD7A776238D816C00D833EB /* AFURLRequestSerialization.h */,
				CFD7A777238D816C00D833EB /* AFURLResponseSerialization.m */,
				CFD7A778238D816C00D833EB /* AFHTTPSessionManager.m */,
				CFD7A779238D816C00D833EB /* AFURLResponseSerialization.h */,
				CFD7A77A238D816C00D833EB /* AFURLSessionManager.m */,
				CFD7A77B238D816C00D833EB /* AFURLRequestSerialization.m */,
				CFD7A77C238D816C00D833EB /* AFNetworking.h */,
				CFD7A77D238D816C00D833EB /* AFNetworkReachabilityManager.m */,
				CFD7A77E238D816C00D833EB /* AFSecurityPolicy.m */,
				CFD7A77F238D816C00D833EB /* AFHTTPSessionManager.h */,
			);
			name = AFNetworking;
			path = ../../ug/Classes/Frameworks/AFNetworking;
			sourceTree = "<group>";
		};
/* End PBXGroup section */

/* Begin PBXNativeTarget section */
		CF73AE51238C5C6A007EF904 /* AutoPacking */ = {
			isa = PBXNativeTarget;
			buildConfigurationList = CF73AE59238C5C6A007EF904 /* Build configuration list for PBXNativeTarget "AutoPacking" */;
			buildPhases = (
				CF73AE4E238C5C6A007EF904 /* Sources */,
				CF73AE4F238C5C6A007EF904 /* Frameworks */,
				CF73AE50238C5C6A007EF904 /* CopyFiles */,
			);
			buildRules = (
			);
			dependencies = (
			);
			name = AutoPacking;
			productName = AutoPacking;
			productReference = CF73AE52238C5C6A007EF904 /* AutoPacking */;
			productType = "com.apple.product-type.tool";
		};
/* End PBXNativeTarget section */

/* Begin PBXProject section */
		CF73AE4A238C5C6A007EF904 /* Project object */ = {
			isa = PBXProject;
			attributes = {
				LastUpgradeCheck = 1120;
				ORGANIZATIONNAME = fish;
				TargetAttributes = {
					CF73AE51238C5C6A007EF904 = {
						CreatedOnToolsVersion = 11.2.1;
					};
				};
			};
			buildConfigurationList = CF73AE4D238C5C6A007EF904 /* Build configuration list for PBXProject "AutoPacking" */;
			compatibilityVersion = "Xcode 9.3";
			developmentRegion = en;
			hasScannedForEncodings = 0;
			knownRegions = (
				en,
				Base,
			);
			mainGroup = CF73AE49238C5C6A007EF904;
			productRefGroup = CF73AE53238C5C6A007EF904 /* Products */;
			projectDirPath = "";
			projectRoot = "";
			targets = (
				CF73AE51238C5C6A007EF904 /* AutoPacking */,
			);
		};
/* End PBXProject section */

/* Begin PBXSourcesBuildPhase section */
		CF73AE4E238C5C6A007EF904 /* Sources */ = {
			isa = PBXSourcesBuildPhase;
			buildActionMask = 2147483647;
			files = (
				CF73AE64238C5CDC007EF904 /* SiteModel.m in Sources */,
				CFD7A785238D816C00D833EB /* AFSecurityPolicy.m in Sources */,
				CF2F687C238D4B090030E26D /* ShellHelper.m in Sources */,
				CFD7A781238D816C00D833EB /* AFHTTPSessionManager.m in Sources */,
				CFD7A782238D816C00D833EB /* AFURLSessionManager.m in Sources */,
				CFD7A780238D816C00D833EB /* AFURLResponseSerialization.m in Sources */,
				CFD7A783238D816C00D833EB /* AFURLRequestSerialization.m in Sources */,
				CFD7A784238D816C00D833EB /* AFNetworkReachabilityManager.m in Sources */,
				CF73AE56238C5C6A007EF904 /* main.m in Sources */,
			);
			runOnlyForDeploymentPostprocessing = 0;
		};
/* End PBXSourcesBuildPhase section */

/* Begin XCBuildConfiguration section */
		CF73AE57238C5C6A007EF904 /* Debug */ = {
			isa = XCBuildConfiguration;
			buildSettings = {
				ALWAYS_SEARCH_USER_PATHS = NO;
				CLANG_ANALYZER_NONNULL = YES;
				CLANG_ANALYZER_NUMBER_OBJECT_CONVERSION = YES_AGGRESSIVE;
				CLANG_CXX_LANGUAGE_STANDARD = "gnu++14";
				CLANG_CXX_LIBRARY = "libc++";
				CLANG_ENABLE_MODULES = YES;
				CLANG_ENABLE_OBJC_ARC = YES;
				CLANG_ENABLE_OBJC_WEAK = YES;
				CLANG_WARN_BLOCK_CAPTURE_AUTORELEASING = YES;
				CLANG_WARN_BOOL_CONVERSION = YES;
				CLANG_WARN_COMMA = YES;
				CLANG_WARN_CONSTANT_CONVERSION = YES;
				CLANG_WARN_DEPRECATED_OBJC_IMPLEMENTATIONS = YES;
				CLANG_WARN_DIRECT_OBJC_ISA_USAGE = YES_ERROR;
				CLANG_WARN_DOCUMENTATION_COMMENTS = YES;
				CLANG_WARN_EMPTY_BODY = YES;
				CLANG_WARN_ENUM_CONVERSION = YES;
				CLANG_WARN_INFINITE_RECURSION = YES;
				CLANG_WARN_INT_CONVERSION = YES;
				CLANG_WARN_NON_LITERAL_NULL_CONVERSION = YES;
				CLANG_WARN_OBJC_IMPLICIT_RETAIN_SELF = YES;
				CLANG_WARN_OBJC_LITERAL_CONVERSION = YES;
				CLANG_WARN_OBJC_ROOT_CLASS = YES_ERROR;
				CLANG_WARN_RANGE_LOOP_ANALYSIS = YES;
				CLANG_WARN_STRICT_PROTOTYPES = YES;
				CLANG_WARN_SUSPICIOUS_MOVE = YES;
				CLANG_WARN_UNGUARDED_AVAILABILITY = YES_AGGRESSIVE;
				CLANG_WARN_UNREACHABLE_CODE = YES;
				CLANG_WARN__DUPLICATE_METHOD_MATCH = YES;
				COPY_PHASE_STRIP = NO;
				DEBUG_INFORMATION_FORMAT = dwarf;
				ENABLE_STRICT_OBJC_MSGSEND = YES;
				ENABLE_TESTABILITY = YES;
				GCC_C_LANGUAGE_STANDARD = gnu11;
				GCC_DYNAMIC_NO_PIC = NO;
				GCC_NO_COMMON_BLOCKS = YES;
				GCC_OPTIMIZATION_LEVEL = 0;
				GCC_PREPROCESSOR_DEFINITIONS = (
					"DEBUG=1",
					"$(inherited)",
				);
				GCC_WARN_64_TO_32_BIT_CONVERSION = YES;
				GCC_WARN_ABOUT_RETURN_TYPE = YES_ERROR;
				GCC_WARN_UNDECLARED_SELECTOR = YES;
				GCC_WARN_UNINITIALIZED_AUTOS = YES_AGGRESSIVE;
				GCC_WARN_UNUSED_FUNCTION = YES;
				GCC_WARN_UNUSED_VARIABLE = YES;
				MACOSX_DEPLOYMENT_TARGET = 10.15;
				MTL_ENABLE_DEBUG_INFO = INCLUDE_SOURCE;
				MTL_FAST_MATH = YES;
				ONLY_ACTIVE_ARCH = YES;
				SDKROOT = macosx;
			};
			name = Debug;
		};
		CF73AE58238C5C6A007EF904 /* Release */ = {
			isa = XCBuildConfiguration;
			buildSettings = {
				ALWAYS_SEARCH_USER_PATHS = NO;
				CLANG_ANALYZER_NONNULL = YES;
				CLANG_ANALYZER_NUMBER_OBJECT_CONVERSION = YES_AGGRESSIVE;
				CLANG_CXX_LANGUAGE_STANDARD = "gnu++14";
				CLANG_CXX_LIBRARY = "libc++";
				CLANG_ENABLE_MODULES = YES;
				CLANG_ENABLE_OBJC_ARC = YES;
				CLANG_ENABLE_OBJC_WEAK = YES;
				CLANG_WARN_BLOCK_CAPTURE_AUTORELEASING = YES;
				CLANG_WARN_BOOL_CONVERSION = YES;
				CLANG_WARN_COMMA = YES;
				CLANG_WARN_CONSTANT_CONVERSION = YES;
				CLANG_WARN_DEPRECATED_OBJC_IMPLEMENTATIONS = YES;
				CLANG_WARN_DIRECT_OBJC_ISA_USAGE = YES_ERROR;
				CLANG_WARN_DOCUMENTATION_COMMENTS = YES;
				CLANG_WARN_EMPTY_BODY = YES;
				CLANG_WARN_ENUM_CONVERSION = YES;
				CLANG_WARN_INFINITE_RECURSION = YES;
				CLANG_WARN_INT_CONVERSION = YES;
				CLANG_WARN_NON_LITERAL_NULL_CONVERSION = YES;
				CLANG_WARN_OBJC_IMPLICIT_RETAIN_SELF = YES;
				CLANG_WARN_OBJC_LITERAL_CONVERSION = YES;
				CLANG_WARN_OBJC_ROOT_CLASS = YES_ERROR;
				CLANG_WARN_RANGE_LOOP_ANALYSIS = YES;
				CLANG_WARN_STRICT_PROTOTYPES = YES;
				CLANG_WARN_SUSPICIOUS_MOVE = YES;
				CLANG_WARN_UNGUARDED_AVAILABILITY = YES_AGGRESSIVE;
				CLANG_WARN_UNREACHABLE_CODE = YES;
				CLANG_WARN__DUPLICATE_METHOD_MATCH = YES;
				COPY_PHASE_STRIP = NO;
				DEBUG_INFORMATION_FORMAT = "dwarf-with-dsym";
				ENABLE_NS_ASSERTIONS = NO;
				ENABLE_STRICT_OBJC_MSGSEND = YES;
				GCC_C_LANGUAGE_STANDARD = gnu11;
				GCC_NO_COMMON_BLOCKS = YES;
				GCC_WARN_64_TO_32_BIT_CONVERSION = YES;
				GCC_WARN_ABOUT_RETURN_TYPE = YES_ERROR;
				GCC_WARN_UNDECLARED_SELECTOR = YES;
				GCC_WARN_UNINITIALIZED_AUTOS = YES_AGGRESSIVE;
				GCC_WARN_UNUSED_FUNCTION = YES;
				GCC_WARN_UNUSED_VARIABLE = YES;
				MACOSX_DEPLOYMENT_TARGET = 10.15;
				MTL_ENABLE_DEBUG_INFO = NO;
				MTL_FAST_MATH = YES;
				SDKROOT = macosx;
			};
			name = Release;
		};
		CF73AE5A238C5C6A007EF904 /* Debug */ = {
			isa = XCBuildConfiguration;
			buildSettings = {
				CODE_SIGN_STYLE = Automatic;
				MACOSX_DEPLOYMENT_TARGET = 10.10;
				PRODUCT_NAME = "$(TARGET_NAME)";
			};
			name = Debug;
		};
		CF73AE5B238C5C6A007EF904 /* Release */ = {
			isa = XCBuildConfiguration;
			buildSettings = {
				CODE_SIGN_STYLE = Automatic;
				MACOSX_DEPLOYMENT_TARGET = 10.10;
				PRODUCT_NAME = "$(TARGET_NAME)";
			};
			name = Release;
		};
/* End XCBuildConfiguration section */

/* Begin XCConfigurationList section */
		CF73AE4D238C5C6A007EF904 /* Build configuration list for PBXProject "AutoPacking" */ = {
			isa = XCConfigurationList;
			buildConfigurations = (
				CF73AE57238C5C6A007EF904 /* Debug */,
				CF73AE58238C5C6A007EF904 /* Release */,
			);
			defaultConfigurationIsVisible = 0;
			defaultConfigurationName = Release;
		};
		CF73AE59238C5C6A007EF904 /* Build configuration list for PBXNativeTarget "AutoPacking" */ = {
			isa = XCConfigurationList;
			buildConfigurations = (
				CF73AE5A238C5C6A007EF904 /* Debug */,
				CF73AE5B238C5C6A007EF904 /* Release */,
			);
			defaultConfigurationIsVisible = 0;
			defaultConfigurationName = Release;
		};
/* End XCConfigurationList section */
	};
	rootObject = CF73AE4A238C5C6A007EF904 /* Project object */;
}
